
Microsoft Visual Studio Solution File, Format Version 12.00
# Visual Studio Version 17
VisualStudioVersion = 17.3.32929.385
MinimumVisualStudioVersion = 10.0.40219.1
Project("{FAE04EC0-301F-11D3-BF4B-00C04F79EFBC}") = "xaydunglopfan", "xaydunglopfan.csproj", "{BEB76BD1-964F-4180-BE28-643949B15BEA}"
EndProject
Global
	GlobalSection(SolutionConfigurationPlatforms) = preSolution
		Debug|Any CPU = Debug|Any CPU
		Release|Any CPU = Release|Any CPU
	EndGlobalSection
	GlobalSection(ProjectConfigurationPlatforms) = postSolution
		{BEB76BD1-964F-4180-BE28-643949B15BEA}.Debug|Any CPU.ActiveCfg = Debug|Any CPU
		{BEB76BD1-964F-4180-BE28-643949B15BEA}.Debug|Any CPU.Build.0 = Debug|Any CPU
		{BEB76BD1-964F-4180-BE28-643949B15BEA}.Release|Any CPU.ActiveCfg = Release|Any CPU
		{BEB76BD1-964F-4180-BE28-643949B15BEA}.Release|Any CPU.Build.0 = Release|Any CPU
	EndGlobalSection
	GlobalSection(SolutionProperties) = preSolution
		HideSolutionNode = FALSE
	EndGlobalSection
	GlobalSection(ExtensibilityGlobals) = postSolution
		SolutionGuid = {23308A17-B4FB-42A7-AFEE-5FF330AA84C3}
	EndGlobalSection
EndGlobal
